
Microsoft Visual Studio Solution File, Format Version 12.00
# Visual Studio Version 16
VisualStudioVersion = 16.0.30320.27
MinimumVisualStudioVersion = 10.0.40219.1
Project("{FAE04EC0-301F-11D3-BF4B-00C04F79EFBC}") = "p_wassalny.Android", "p_wassalny\p_wassalny.Android\p_wassalny.Android.csproj", "{5930405D-FD38-4C78-87E4-5266AB8487A1}"
EndProject
Project("{FAE04EC0-301F-11D3-BF4B-00C04F79EFBC}") = "p_wassalny.iOS", "p_wassalny\p_wassalny.iOS\p_wassalny.iOS.csproj", "{2013F856-2F7D-430E-BB72-BD5E50565ADD}"
EndProject
Project("{FAE04EC0-301F-11D3-BF4B-00C04F79EFBC}") = "p_wassalny.Web", "p_wassalny\p_wassalny.Web\p_wassalny.Web.csproj", "{5040B753-304B-481B-8FB4-CB3B28C062AF}"
EndProject
Project("{FAE04EC0-301F-11D3-BF4B-00C04F79EFBC}") = "p_wassalny", "p_wassalny\p_wassalny\p_wassalny.csproj", "{2F651181-1094-4D8F-87AB-B3A8161E7CF2}"
EndProject
Global
	GlobalSection(SolutionConfigurationPlatforms) = preSolution
		Debug|Any CPU = Debug|Any CPU
		Debug|iPhone = Debug|iPhone
		Debug|iPhoneSimulator = Debug|iPhoneSimulator
		Release|Any CPU = Release|Any CPU
		Release|iPhone = Release|iPhone
		Release|iPhoneSimulator = Release|iPhoneSimulator
	EndGlobalSection
	GlobalSection(ProjectConfigurationPlatforms) = postSolution
		{5930405D-FD38-4C78-87E4-5266AB8487A1}.Debug|Any CPU.ActiveCfg = Debug|Any CPU
		{5930405D-FD38-4C78-87E4-5266AB8487A1}.Debug|Any CPU.Build.0 = Debug|Any CPU
		{5930405D-FD38-4C78-87E4-5266AB8487A1}.Debug|Any CPU.Deploy.0 = Debug|Any CPU
		{5930405D-FD38-4C78-87E4-5266AB8487A1}.Debug|iPhone.ActiveCfg = Debug|Any CPU
		{5930405D-FD38-4C78-87E4-5266AB8487A1}.Debug|iPhone.Build.0 = Debug|Any CPU
		{5930405D-FD38-4C78-87E4-5266AB8487A1}.Debug|iPhone.Deploy.0 = Debug|Any CPU
		{5930405D-FD38-4C78-87E4-5266AB8487A1}.Debug|iPhoneSimulator.ActiveCfg = Debug|Any CPU
		{5930405D-FD38-4C78-87E4-5266AB8487A1}.Debug|iPhoneSimulator.Build.0 = Debug|Any CPU
		{5930405D-FD38-4C78-87E4-5266AB8487A1}.Debug|iPhoneSimulator.Deploy.0 = Debug|Any CPU
		{5930405D-FD38-4C78-87E4-5266AB8487A1}.Release|Any CPU.ActiveCfg = Release|Any CPU
		{5930405D-FD38-4C78-87E4-5266AB8487A1}.Release|Any CPU.Build.0 = Release|Any CPU
		{5930405D-FD38-4C78-87E4-5266AB8487A1}.Release|Any CPU.Deploy.0 = Release|Any CPU
		{5930405D-FD38-4C78-87E4-5266AB8487A1}.Release|iPhone.ActiveCfg = Release|Any CPU
		{5930405D-FD38-4C78-87E4-5266AB8487A1}.Release|iPhone.Build.0 = Release|Any CPU
		{5930405D-FD38-4C78-87E4-5266AB8487A1}.Release|iPhone.Deploy.0 = Release|Any CPU
		{5930405D-FD38-4C78-87E4-5266AB8487A1}.Release|iPhoneSimulator.ActiveCfg = Release|Any CPU
		{5930405D-FD38-4C78-87E4-5266AB8487A1}.Release|iPhoneSimulator.Build.0 = Release|Any CPU
		{5930405D-FD38-4C78-87E4-5266AB8487A1}.Release|iPhoneSimulator.Deploy.0 = Release|Any CPU
		{2013F856-2F7D-430E-BB72-BD5E50565ADD}.Debug|Any CPU.ActiveCfg = Debug|iPhone
		{2013F856-2F7D-430E-BB72-BD5E50565ADD}.Debug|Any CPU.Build.0 = Debug|iPhone
		{2013F856-2F7D-430E-BB72-BD5E50565ADD}.Debug|Any CPU.Deploy.0 = Debug|iPhone
		{2013F856-2F7D-430E-BB72-BD5E50565ADD}.Debug|iPhone.ActiveCfg = Debug|iPhone
		{2013F856-2F7D-430E-BB72-BD5E50565ADD}.Debug|iPhone.Build.0 = Debug|iPhone
		{2013F856-2F7D-430E-BB72-BD5E50565ADD}.Debug|iPhone.Deploy.0 = Debug|iPhone
		{2013F856-2F7D-430E-BB72-BD5E50565ADD}.Debug|iPhoneSimulator.ActiveCfg = Debug|iPhoneSimulator
		{2013F856-2F7D-430E-BB72-BD5E50565ADD}.Debug|iPhoneSimulator.Build.0 = Debug|iPhoneSimulator
		{2013F856-2F7D-430E-BB72-BD5E50565ADD}.Debug|iPhoneSimulator.Deploy.0 = Debug|iPhoneSimulator
		{2013F856-2F7D-430E-BB72-BD5E50565ADD}.Release|Any CPU.ActiveCfg = Release|iPhone
		{2013F856-2F7D-430E-BB72-BD5E50565ADD}.Release|Any CPU.Build.0 = Release|iPhone
		{2013F856-2F7D-430E-BB72-BD5E50565ADD}.Release|Any CPU.Deploy.0 = Release|iPhone
		{2013F856-2F7D-430E-BB72-BD5E50565ADD}.Release|iPhone.ActiveCfg = Release|iPhone
		{2013F856-2F7D-430E-BB72-BD5E50565ADD}.Release|iPhone.Build.0 = Release|iPhone
		{2013F856-2F7D-430E-BB72-BD5E50565ADD}.Release|iPhone.Deploy.0 = Release|iPhone
		{2013F856-2F7D-430E-BB72-BD5E50565ADD}.Release|iPhoneSimulator.ActiveCfg = Release|iPhoneSimulator
		{2013F856-2F7D-430E-BB72-BD5E50565ADD}.Release|iPhoneSimulator.Build.0 = Release|iPhoneSimulator
		{2013F856-2F7D-430E-BB72-BD5E50565ADD}.Release|iPhoneSimulator.Deploy.0 = Release|iPhoneSimulator
		{5040B753-304B-481B-8FB4-CB3B28C062AF}.Debug|Any CPU.ActiveCfg = Debug|Any CPU
		{5040B753-304B-481B-8FB4-CB3B28C062AF}.Debug|Any CPU.Build.0 = Debug|Any CPU
		{5040B753-304B-481B-8FB4-CB3B28C062AF}.Debug|Any CPU.Deploy.0 = Debug|Any CPU
		{5040B753-304B-481B-8FB4-CB3B28C062AF}.Debug|iPhone.ActiveCfg = Debug|Any CPU
		{5040B753-304B-481B-8FB4-CB3B28C062AF}.Debug|iPhone.Build.0 = Debug|Any CPU
		{5040B753-304B-481B-8FB4-CB3B28C062AF}.Debug|iPhone.Deploy.0 = Debug|Any CPU
		{5040B753-304B-481B-8FB4-CB3B28C062AF}.Debug|iPhoneSimulator.ActiveCfg = Debug|Any CPU
		{5040B753-304B-481B-8FB4-CB3B28C062AF}.Debug|iPhoneSimulator.Build.0 = Debug|Any CPU
		{5040B753-304B-481B-8FB4-CB3B28C062AF}.Debug|iPhoneSimulator.Deploy.0 = Debug|Any CPU
		{5040B753-304B-481B-8FB4-CB3B28C062AF}.Release|Any CPU.ActiveCfg = Release|Any CPU
		{5040B753-304B-481B-8FB4-CB3B28C062AF}.Release|Any CPU.Build.0 = Release|Any CPU
		{5040B753-304B-481B-8FB4-CB3B28C062AF}.Release|Any CPU.Deploy.0 = Release|Any CPU
		{5040B753-304B-481B-8FB4-CB3B28C062AF}.Release|iPhone.ActiveCfg = Release|Any CPU
		{5040B753-304B-481B-8FB4-CB3B28C062AF}.Release|iPhone.Build.0 = Release|Any CPU
		{5040B753-304B-481B-8FB4-CB3B28C062AF}.Release|iPhone.Deploy.0 = Release|Any CPU
		{5040B753-304B-481B-8FB4-CB3B28C062AF}.Release|iPhoneSimulator.ActiveCfg = Release|Any CPU
		{5040B753-304B-481B-8FB4-CB3B28C062AF}.Release|iPhoneSimulator.Build.0 = Release|Any CPU
		{5040B753-304B-481B-8FB4-CB3B28C062AF}.Release|iPhoneSimulator.Deploy.0 = Release|Any CPU
		{2F651181-1094-4D8F-87AB-B3A8161E7CF2}.Debug|Any CPU.ActiveCfg = Debug|Any CPU
		{2F651181-1094-4D8F-87AB-B3A8161E7CF2}.Debug|Any CPU.Build.0 = Debug|Any CPU
		{2F651181-1094-4D8F-87AB-B3A8161E7CF2}.Debug|Any CPU.Deploy.0 = Debug|Any CPU
		{2F651181-1094-4D8F-87AB-B3A8161E7CF2}.Debug|iPhone.ActiveCfg = Debug|Any CPU
		{2F651181-1094-4D8F-87AB-B3A8161E7CF2}.Debug|iPhone.Build.0 = Debug|Any CPU
		{2F651181-1094-4D8F-87AB-B3A8161E7CF2}.Debug|iPhone.Deploy.0 = Debug|Any CPU
		{2F651181-1094-4D8F-87AB-B3A8161E7CF2}.Debug|iPhoneSimulator.ActiveCfg = Debug|Any CPU
		{2F651181-1094-4D8F-87AB-B3A8161E7CF2}.Debug|iPhoneSimulator.Build.0 = Debug|Any CPU
		{2F651181-1094-4D8F-87AB-B3A8161E7CF2}.Debug|iPhoneSimulator.Deploy.0 = Debug|Any CPU
		{2F651181-1094-4D8F-87AB-B3A8161E7CF2}.Release|Any CPU.ActiveCfg = Release|Any CPU
		{2F651181-1094-4D8F-87AB-B3A8161E7CF2}.Release|Any CPU.Build.0 = Release|Any CPU
		{2F651181-1094-4D8F-87AB-B3A8161E7CF2}.Release|Any CPU.Deploy.0 = Release|Any CPU
		{2F651181-1094-4D8F-87AB-B3A8161E7CF2}.Release|iPhone.ActiveCfg = Release|Any CPU
		{2F651181-1094-4D8F-87AB-B3A8161E7CF2}.Release|iPhone.Build.0 = Release|Any CPU
		{2F651181-1094-4D8F-87AB-B3A8161E7CF2}.Release|iPhone.Deploy.0 = Release|Any CPU
		{2F651181-1094-4D8F-87AB-B3A8161E7CF2}.Release|iPhoneSimulator.ActiveCfg = Release|Any CPU
		{2F651181-1094-4D8F-87AB-B3A8161E7CF2}.Release|iPhoneSimulator.Build.0 = Release|Any CPU
		{2F651181-1094-4D8F-87AB-B3A8161E7CF2}.Release|iPhoneSimulator.Deploy.0 = Release|Any CPU
	EndGlobalSection
	GlobalSection(SolutionProperties) = preSolution
		HideSolutionNode = FALSE
	EndGlobalSection
	GlobalSection(ExtensibilityGlobals) = postSolution
		SolutionGuid = {3580F3B7-BFCC-4672-BC0D-37944591A0E5}
	EndGlobalSection
EndGlobal
